
Microsoft Visual Studio Solution File, Format Version 12.00
# Visual Studio Version 16
VisualStudioVersion = 16.0.29503.13
MinimumVisualStudioVersion = 10.0.40219.1
Project("{FAE04EC0-301F-11D3-BF4B-00C04F79EFBC}") = "Notes.Android", "Notes.Android\Notes.Android.csproj", "{BB233872-834F-4D7A-9E5D-36E83EDE5877}"
EndProject
Project("{FAE04EC0-301F-11D3-BF4B-00C04F79EFBC}") = "Notes.iOS", "Notes.iOS\Notes.iOS.csproj", "{3C2BE104-0077-4FDD-BE5B-A99AA50989F9}"
EndProject
Project("{FAE04EC0-301F-11D3-BF4B-00C04F79EFBC}") = "Notes", "Notes\Notes.csproj", "{ABE5C0D6-9381-4239-ABB7-E1583C8FDEBC}"
EndProject
Global
	GlobalSection(SolutionConfigurationPlatforms) = preSolution
		Debug|Any CPU = Debug|Any CPU
		Debug|iPhone = Debug|iPhone
		Debug|iPhoneSimulator = Debug|iPhoneSimulator
		Release|Any CPU = Release|Any CPU
		Release|iPhone = Release|iPhone
		Release|iPhoneSimulator = Release|iPhoneSimulator
	EndGlobalSection
	GlobalSection(ProjectConfigurationPlatforms) = postSolution
		{BB233872-834F-4D7A-9E5D-36E83EDE5877}.Debug|Any CPU.ActiveCfg = Debug|Any CPU
		{BB233872-834F-4D7A-9E5D-36E83EDE5877}.Debug|Any CPU.Build.0 = Debug|Any CPU
		{BB233872-834F-4D7A-9E5D-36E83EDE5877}.Debug|Any CPU.Deploy.0 = Debug|Any CPU
		{BB233872-834F-4D7A-9E5D-36E83EDE5877}.Debug|iPhone.ActiveCfg = Debug|Any CPU
		{BB233872-834F-4D7A-9E5D-36E83EDE5877}.Debug|iPhone.Build.0 = Debug|Any CPU
		{BB233872-834F-4D7A-9E5D-36E83EDE5877}.Debug|iPhone.Deploy.0 = Debug|Any CPU
		{BB233872-834F-4D7A-9E5D-36E83EDE5877}.Debug|iPhoneSimulator.ActiveCfg = Debug|Any CPU
		{BB233872-834F-4D7A-9E5D-36E83EDE5877}.Debug|iPhoneSimulator.Build.0 = Debug|Any CPU
		{BB233872-834F-4D7A-9E5D-36E83EDE5877}.Debug|iPhoneSimulator.Deploy.0 = Debug|Any CPU
		{BB233872-834F-4D7A-9E5D-36E83EDE5877}.Release|Any CPU.ActiveCfg = Release|Any CPU
		{BB233872-834F-4D7A-9E5D-36E83EDE5877}.Release|Any CPU.Build.0 = Release|Any CPU
		{BB233872-834F-4D7A-9E5D-36E83EDE5877}.Release|Any CPU.Deploy.0 = Release|Any CPU
		{BB233872-834F-4D7A-9E5D-36E83EDE5877}.Release|iPhone.ActiveCfg = Release|Any CPU
		{BB233872-834F-4D7A-9E5D-36E83EDE5877}.Release|iPhone.Build.0 = Release|Any CPU
		{BB233872-834F-4D7A-9E5D-36E83EDE5877}.Release|iPhone.Deploy.0 = Release|Any CPU
		{BB233872-834F-4D7A-9E5D-36E83EDE5877}.Release|iPhoneSimulator.ActiveCfg = Release|Any CPU
		{BB233872-834F-4D7A-9E5D-36E83EDE5877}.Release|iPhoneSimulator.Build.0 = Release|Any CPU
		{BB233872-834F-4D7A-9E5D-36E83EDE5877}.Release|iPhoneSimulator.Deploy.0 = Release|Any CPU
		{3C2BE104-0077-4FDD-BE5B-A99AA50989F9}.Debug|Any CPU.ActiveCfg = Debug|iPhoneSimulator
		{3C2BE104-0077-4FDD-BE5B-A99AA50989F9}.Debug|Any CPU.Build.0 = Debug|iPhoneSimulator
		{3C2BE104-0077-4FDD-BE5B-A99AA50989F9}.Debug|Any CPU.Deploy.0 = Debug|iPhoneSimulator
		{3C2BE104-0077-4FDD-BE5B-A99AA50989F9}.Debug|iPhone.ActiveCfg = Debug|iPhone
		{3C2BE104-0077-4FDD-BE5B-A99AA50989F9}.Debug|iPhone.Build.0 = Debug|iPhone
		{3C2BE104-0077-4FDD-BE5B-A99AA50989F9}.Debug|iPhone.Deploy.0 = Debug|iPhone
		{3C2BE104-0077-4FDD-BE5B-A99AA50989F9}.Debug|iPhoneSimulator.ActiveCfg = Debug|iPhoneSimulator
		{3C2BE104-0077-4FDD-BE5B-A99AA50989F9}.Debug|iPhoneSimulator.Build.0 = Debug|iPhoneSimulator
		{3C2BE104-0077-4FDD-BE5B-A99AA50989F9}.Debug|iPhoneSimulator.Deploy.0 = Debug|iPhoneSimulator
		{3C2BE104-0077-4FDD-BE5B-A99AA50989F9}.Release|Any CPU.ActiveCfg = Release|iPhone
		{3C2BE104-0077-4FDD-BE5B-A99AA50989F9}.Release|Any CPU.Build.0 = Release|iPhone
		{3C2BE104-0077-4FDD-BE5B-A99AA50989F9}.Release|Any CPU.Deploy.0 = Release|iPhone
		{3C2BE104-0077-4FDD-BE5B-A99AA50989F9}.Release|iPhone.ActiveCfg = Release|iPhone
		{3C2BE104-0077-4FDD-BE5B-A99AA50989F9}.Release|iPhone.Build.0 = Release|iPhone
		{3C2BE104-0077-4FDD-BE5B-A99AA50989F9}.Release|iPhone.Deploy.0 = Release|iPhone
		{3C2BE104-0077-4FDD-BE5B-A99AA50989F9}.Release|iPhoneSimulator.ActiveCfg = Release|iPhoneSimulator
		{3C2BE104-0077-4FDD-BE5B-A99AA50989F9}.Release|iPhoneSimulator.Build.0 = Release|iPhoneSimulator
		{3C2BE104-0077-4FDD-BE5B-A99AA50989F9}.Release|iPhoneSimulator.Deploy.0 = Release|iPhoneSimulator
		{ABE5C0D6-9381-4239-ABB7-E1583C8FDEBC}.Debug|Any CPU.ActiveCfg = Debug|Any CPU
		{ABE5C0D6-9381-4239-ABB7-E1583C8FDEBC}.Debug|Any CPU.Build.0 = Debug|Any CPU
		{ABE5C0D6-9381-4239-ABB7-E1583C8FDEBC}.Debug|Any CPU.Deploy.0 = Debug|Any CPU
		{ABE5C0D6-9381-4239-ABB7-E1583C8FDEBC}.Debug|iPhone.ActiveCfg = Debug|Any CPU
		{ABE5C0D6-9381-4239-ABB7-E1583C8FDEBC}.Debug|iPhone.Build.0 = Debug|Any CPU
		{ABE5C0D6-9381-4239-ABB7-E1583C8FDEBC}.Debug|iPhone.Deploy.0 = Debug|Any CPU
		{ABE5C0D6-9381-4239-ABB7-E1583C8FDEBC}.Debug|iPhoneSimulator.ActiveCfg = Debug|Any CPU
		{ABE5C0D6-9381-4239-ABB7-E1583C8FDEBC}.Debug|iPhoneSimulator.Build.0 = Debug|Any CPU
		{ABE5C0D6-9381-4239-ABB7-E1583C8FDEBC}.Debug|iPhoneSimulator.Deploy.0 = Debug|Any CPU
		{ABE5C0D6-9381-4239-ABB7-E1583C8FDEBC}.Release|Any CPU.ActiveCfg = Release|Any CPU
		{ABE5C0D6-9381-4239-ABB7-E1583C8FDEBC}.Release|Any CPU.Build.0 = Release|Any CPU
		{ABE5C0D6-9381-4239-ABB7-E1583C8FDEBC}.Release|Any CPU.Deploy.0 = Release|Any CPU
		{ABE5C0D6-9381-4239-ABB7-E1583C8FDEBC}.Release|iPhone.ActiveCfg = Release|Any CPU
		{ABE5C0D6-9381-4239-ABB7-E1583C8FDEBC}.Release|iPhone.Build.0 = Release|Any CPU
		{ABE5C0D6-9381-4239-ABB7-E1583C8FDEBC}.Release|iPhone.Deploy.0 = Release|Any CPU
		{ABE5C0D6-9381-4239-ABB7-E1583C8FDEBC}.Release|iPhoneSimulator.ActiveCfg = Release|Any CPU
		{ABE5C0D6-9381-4239-ABB7-E1583C8FDEBC}.Release|iPhoneSimulator.Build.0 = Release|Any CPU
		{ABE5C0D6-9381-4239-ABB7-E1583C8FDEBC}.Release|iPhoneSimulator.Deploy.0 = Release|Any CPU
	EndGlobalSection
	GlobalSection(SolutionProperties) = preSolution
		HideSolutionNode = FALSE
	EndGlobalSection
	GlobalSection(ExtensibilityGlobals) = postSolution
		SolutionGuid = {A0D919E6-3AB2-4AF4-94A5-3FFE0B9B6240}
	EndGlobalSection
EndGlobal
